
Microsoft Visual Studio Solution File, Format Version 12.00
# Visual Studio Version 17
VisualStudioVersion = 17.0.31903.59
MinimumVisualStudioVersion = 10.0.40219.1
Project("{FAE04EC0-301F-11D3-BF4B-00C04F79EFBC}") = "InvestmentControlApi", "InvestmentControlApi\InvestmentControlApi.csproj", "{8C5E9A45-56B3-43F2-851A-11B030F7C993}"
EndProject
Project("{FAE04EC0-301F-11D3-BF4B-00C04F79EFBC}") = "InvestmentControlApi.Tests", "InvestmentControlApi.Tests\InvestmentControlApi.Tests.csproj", "{D082EB0F-E38A-40A5-BFDC-B4864B63A240}"
EndProject
Global
	GlobalSection(SolutionConfigurationPlatforms) = preSolution
		Debug|Any CPU = Debug|Any CPU
		Debug|x64 = Debug|x64
		Debug|x86 = Debug|x86
		Release|Any CPU = Release|Any CPU
		Release|x64 = Release|x64
		Release|x86 = Release|x86
	EndGlobalSection
	GlobalSection(ProjectConfigurationPlatforms) = postSolution
		{8C5E9A45-56B3-43F2-851A-11B030F7C993}.Debug|Any CPU.ActiveCfg = Debug|Any CPU
		{8C5E9A45-56B3-43F2-851A-11B030F7C993}.Debug|Any CPU.Build.0 = Debug|Any CPU
		{8C5E9A45-56B3-43F2-851A-11B030F7C993}.Debug|x64.ActiveCfg = Debug|Any CPU
		{8C5E9A45-56B3-43F2-851A-11B030F7C993}.Debug|x64.Build.0 = Debug|Any CPU
		{8C5E9A45-56B3-43F2-851A-11B030F7C993}.Debug|x86.ActiveCfg = Debug|Any CPU
		{8C5E9A45-56B3-43F2-851A-11B030F7C993}.Debug|x86.Build.0 = Debug|Any CPU
		{8C5E9A45-56B3-43F2-851A-11B030F7C993}.Release|Any CPU.ActiveCfg = Release|Any CPU
		{8C5E9A45-56B3-43F2-851A-11B030F7C993}.Release|Any CPU.Build.0 = Release|Any CPU
		{8C5E9A45-56B3-43F2-851A-11B030F7C993}.Release|x64.ActiveCfg = Release|Any CPU
		{8C5E9A45-56B3-43F2-851A-11B030F7C993}.Release|x64.Build.0 = Release|Any CPU
		{8C5E9A45-56B3-43F2-851A-11B030F7C993}.Release|x86.ActiveCfg = Release|Any CPU
		{8C5E9A45-56B3-43F2-851A-11B030F7C993}.Release|x86.Build.0 = Release|Any CPU
		{D082EB0F-E38A-40A5-BFDC-B4864B63A240}.Debug|Any CPU.ActiveCfg = Debug|Any CPU
		{D082EB0F-E38A-40A5-BFDC-B4864B63A240}.Debug|Any CPU.Build.0 = Debug|Any CPU
		{D082EB0F-E38A-40A5-BFDC-B4864B63A240}.Debug|x64.ActiveCfg = Debug|Any CPU
		{D082EB0F-E38A-40A5-BFDC-B4864B63A240}.Debug|x64.Build.0 = Debug|Any CPU
		{D082EB0F-E38A-40A5-BFDC-B4864B63A240}.Debug|x86.ActiveCfg = Debug|Any CPU
		{D082EB0F-E38A-40A5-BFDC-B4864B63A240}.Debug|x86.Build.0 = Debug|Any CPU
		{D082EB0F-E38A-40A5-BFDC-B4864B63A240}.Release|Any CPU.ActiveCfg = Release|Any CPU
		{D082EB0F-E38A-40A5-BFDC-B4864B63A240}.Release|Any CPU.Build.0 = Release|Any CPU
		{D082EB0F-E38A-40A5-BFDC-B4864B63A240}.Release|x64.ActiveCfg = Release|Any CPU
		{D082EB0F-E38A-40A5-BFDC-B4864B63A240}.Release|x64.Build.0 = Release|Any CPU
		{D082EB0F-E38A-40A5-BFDC-B4864B63A240}.Release|x86.ActiveCfg = Release|Any CPU
		{D082EB0F-E38A-40A5-BFDC-B4864B63A240}.Release|x86.Build.0 = Release|Any CPU
	EndGlobalSection
	GlobalSection(SolutionProperties) = preSolution
		HideSolutionNode = FALSE
	EndGlobalSection
EndGlobal
